
Microsoft Visual Studio Solution File, Format Version 12.00
# Visual Studio Version 17
VisualStudioVersion = 17.2.32630.192
MinimumVisualStudioVersion = 10.0.40219.1
Project("{FAE04EC0-301F-11D3-BF4B-00C04F79EFBC}") = "ByteBank_ADM", "ByteBank_ADM\ByteBank_ADM.csproj", "{1BC0D4AD-9B92-4CB1-BA75-E69D90F94244}"
EndProject
Global
	GlobalSection(SolutionConfigurationPlatforms) = preSolution
		Debug|Any CPU = Debug|Any CPU
		Release|Any CPU = Release|Any CPU
	EndGlobalSection
	GlobalSection(ProjectConfigurationPlatforms) = postSolution
		{1BC0D4AD-9B92-4CB1-BA75-E69D90F94244}.Debug|Any CPU.ActiveCfg = Debug|Any CPU
		{1BC0D4AD-9B92-4CB1-BA75-E69D90F94244}.Debug|Any CPU.Build.0 = Debug|Any CPU
		{1BC0D4AD-9B92-4CB1-BA75-E69D90F94244}.Release|Any CPU.ActiveCfg = Release|Any CPU
		{1BC0D4AD-9B92-4CB1-BA75-E69D90F94244}.Release|Any CPU.Build.0 = Release|Any CPU
	EndGlobalSection
	GlobalSection(SolutionProperties) = preSolution
		HideSolutionNode = FALSE
	EndGlobalSection
	GlobalSection(ExtensibilityGlobals) = postSolution
		SolutionGuid = {D6BAE531-28B7-4236-8166-23C17F3E450F}
	EndGlobalSection
EndGlobal
